
Microsoft Visual Studio Solution File, Format Version 12.00
# Visual Studio Version 17
VisualStudioVersion = 17.9.34607.119
MinimumVisualStudioVersion = 10.0.40219.1
Project("{FAE04EC0-301F-11D3-BF4B-00C04F79EFBC}") = "ModuleEightTask1", "ModuleEightTask1\ModuleEightTask1.csproj", "{C5B4746D-0F29-4B81-BA6E-709DE714F9F7}"
EndProject
Global
	GlobalSection(SolutionConfigurationPlatforms) = preSolution
		Debug|Any CPU = Debug|Any CPU
		Release|Any CPU = Release|Any CPU
	EndGlobalSection
	GlobalSection(ProjectConfigurationPlatforms) = postSolution
		{C5B4746D-0F29-4B81-BA6E-709DE714F9F7}.Debug|Any CPU.ActiveCfg = Debug|Any CPU
		{C5B4746D-0F29-4B81-BA6E-709DE714F9F7}.Debug|Any CPU.Build.0 = Debug|Any CPU
		{C5B4746D-0F29-4B81-BA6E-709DE714F9F7}.Release|Any CPU.ActiveCfg = Release|Any CPU
		{C5B4746D-0F29-4B81-BA6E-709DE714F9F7}.Release|Any CPU.Build.0 = Release|Any CPU
	EndGlobalSection
	GlobalSection(SolutionProperties) = preSolution
		HideSolutionNode = FALSE
	EndGlobalSection
	GlobalSection(ExtensibilityGlobals) = postSolution
		SolutionGuid = {8C9463ED-9193-4D33-96C1-092FE4BCC534}
	EndGlobalSection
EndGlobal
